// !$*UTF8*$!
{
	archiveVersion = 1;
	classes = {
	};
	objectVersion = 48;
	objects = {

/* Begin PBXBuildFile section */
		6B19DD1C1FCC3A24008380FD /* AppDelegate.swift in Sources */ = {isa = PBXBuildFile; fileRef = 6B19DD1B1FCC3A24008380FD /* AppDelegate.swift */; };
		6B19DD1E1FCC3A24008380FD /* ViewController.swift in Sources */ = {isa = PBXBuildFile; fileRef = 6B19DD1D1FCC3A24008380FD /* ViewController.swift */; };
		6B19DD211FCC3A24008380FD /* Main.storyboard in Resources */ = {isa = PBXBuildFile; fileRef = 6B19DD1F1FCC3A24008380FD /* Main.storyboard */; };
		6B19DD231FCC3A24008380FD /* Assets.xcassets in Resources */ = {isa = PBXBuildFile; fileRef = 6B19DD221FCC3A24008380FD /* Assets.xcassets */; };
		6B19DD261FCC3A24008380FD /* LaunchScreen.storyboard in Resources */ = {isa = PBXBuildFile; fileRef = 6B19DD241FCC3A24008380FD /* LaunchScreen.storyboard */; };
		6B19DD2E1FCC3FCA008380FD /* ContactsTableViewController.swift in Sources */ = {isa = PBXBuildFile; fileRef = 6B19DD2D1FCC3FCA008380FD /* ContactsTableViewController.swift */; };
		6B19DD301FCC403C008380FD /* Contact.swift in Sources */ = {isa = PBXBuildFile; fileRef = 6B19DD2F1FCC403C008380FD /* Contact.swift */; };
		6B76E4681FCEF4AD006264FB /* CallsTableViewController.swift in Sources */ = {isa = PBXBuildFile; fileRef = 6B76E4671FCEF4AD006264FB /* CallsTableViewController.swift */; };
		6B76E46A1FCEF50F006264FB /* CallViewCell.swift in Sources */ = {isa = PBXBuildFile; fileRef = 6B76E4691FCEF50F006264FB /* CallViewCell.swift */; };
/* End PBXBuildFile section */

/* Begin PBXFileReference section */
		6B19DD181FCC3A24008380FD /* ListApp.app */ = {isa = PBXFileReference; explicitFileType = wrapper.application; includeInIndex = 0; path = ListApp.app; sourceTree = BUILT_PRODUCTS_DIR; };
		6B19DD1B1FCC3A24008380FD /* AppDelegate.swift */ = {isa = PBXFileReference; lastKnownFileType = sourcecode.swift; path = AppDelegate.swift; sourceTree = "<group>"; };
		6B19DD1D1FCC3A24008380FD /* ViewController.swift */ = {isa = PBXFileReference; lastKnownFileType = sourcecode.swift; path = ViewController.swift; sourceTree = "<group>"; };
		6B19DD201FCC3A24008380FD /* Base */ = {isa = PBXFileReference; lastKnownFileType = file.storyboard; name = Base; path = Base.lproj/Main.storyboard; sourceTree = "<group>"; };
		6B19DD221FCC3A24008380FD /* Assets.xcassets */ = {isa = PBXFileReference; lastKnownFileType = folder.assetcatalog; path = Assets.xcassets; sourceTree = "<group>"; };
		6B19DD251FCC3A24008380FD /* Base */ = {isa = PBXFileReference; lastKnownFileType = file.storyboard; name = Base; path = Base.lproj/LaunchScreen.storyboard; sourceTree = "<group>"; };
		6B19DD271FCC3A24008380FD /* Info.plist */ = {isa = PBXFileReference; lastKnownFileType = text.plist.xml; path = Info.plist; sourceTree = "<group>"; };
		6B19DD2D1FCC3FCA008380FD /* ContactsTableViewController.swift */ = {isa = PBXFileReference; lastKnownFileType = sourcecode.swift; path = ContactsTableViewController.swift; sourceTree = "<group>"; wrapsLines = 0; };
		6B19DD2F1FCC403C008380FD /* Contact.swift */ = {isa = PBXFileReference; lastKnownFileType = sourcecode.swift; path = Contact.swift; sourceTree = "<group>"; };
		6B76E4671FCEF4AD006264FB /* CallsTableViewController.swift */ = {isa = PBXFileReference; lastKnownFileType = sourcecode.swift; path = CallsTableViewController.swift; sourceTree = "<group>"; };
		6B76E4691FCEF50F006264FB /* CallViewCell.swift */ = {isa = PBXFileReference; lastKnownFileType = sourcecode.swift; path = CallViewCell.swift; sourceTree = "<group>"; };
/* End PBXFileReference section */

/* Begin PBXFrameworksBuildPhase section */
		6B19DD151FCC3A24008380FD /* Frameworks */ = {
			isa = PBXFrameworksBuildPhase;
			buildActionMask = 2147483647;
			files = (
			);
			runOnlyForDeploymentPostprocessing = 0;
		};
/* End PBXFrameworksBuildPhase section */

/* Begin PBXGroup section */
		6B19DD0F1FCC3A24008380FD = {
			isa = PBXGroup;
			children = (
				6B19DD1A1FCC3A24008380FD /* ListApp */,
				6B19DD191FCC3A24008380FD /* Products */,
			);
			sourceTree = "<group>";
		};
		6B19DD191FCC3A24008380FD /* Products */ = {
			isa = PBXGroup;
			children = (
				6B19DD181FCC3A24008380FD /* ListApp.app */,
			);
			name = Products;
			sourceTree = "<group>";
		};
		6B19DD1A1FCC3A24008380FD /* ListApp */ = {
			isa = PBXGroup;
			children = (
				6B19DD1B1FCC3A24008380FD /* AppDelegate.swift */,
				6B19DD1D1FCC3A24008380FD /* ViewController.swift */,
				6B19DD1F1FCC3A24008380FD /* Main.storyboard */,
				6B19DD221FCC3A24008380FD /* Assets.xcassets */,
				6B19DD241FCC3A24008380FD /* LaunchScreen.storyboard */,
				6B19DD271FCC3A24008380FD /* Info.plist */,
				6B19DD2D1FCC3FCA008380FD /* ContactsTableViewController.swift */,
				6B19DD2F1FCC403C008380FD /* Contact.swift */,
				6B76E4671FCEF4AD006264FB /* CallsTableViewController.swift */,
				6B76E4691FCEF50F006264FB /* CallViewCell.swift */,
			);
			path = ListApp;
			sourceTree = "<group>";
		};
/* End PBXGroup section */

/* Begin PBXNativeTarget section */
		6B19DD171FCC3A24008380FD /* ListApp */ = {
			isa = PBXNativeTarget;
			buildConfigurationList = 6B19DD2A1FCC3A24008380FD /* Build configuration list for PBXNativeTarget "ListApp" */;
			buildPhases = (
				6B19DD141FCC3A24008380FD /* Sources */,
				6B19DD151FCC3A24008380FD /* Frameworks */,
				6B19DD161FCC3A24008380FD /* Resources */,
			);
			buildRules = (
			);
			dependencies = (
			);
			name = ListApp;
			productName = ListApp;
			productReference = 6B19DD181FCC3A24008380FD /* ListApp.app */;
			productType = "com.apple.product-type.application";
		};
/* End PBXNativeTarget section */

/* Begin PBXProject section */
		6B19DD101FCC3A24008380FD /* Project object */ = {
			isa = PBXProject;
			attributes = {
				LastSwiftUpdateCheck = 0910;
				LastUpgradeCheck = 0910;
				ORGANIZATIONNAME = olgamart;
				TargetAttributes = {
					6B19DD171FCC3A24008380FD = {
						CreatedOnToolsVersion = 9.1;
						ProvisioningStyle = Automatic;
					};
				};
			};
			buildConfigurationList = 6B19DD131FCC3A24008380FD /* Build configuration list for PBXProject "ListApp" */;
			compatibilityVersion = "Xcode 8.0";
			developmentRegion = en;
			hasScannedForEncodings = 0;
			knownRegions = (
				en,
				Base,
			);
			mainGroup = 6B19DD0F1FCC3A24008380FD;
			productRefGroup = 6B19DD191FCC3A24008380FD /* Products */;
			projectDirPath = "";
			projectRoot = "";
			targets = (
				6B19DD171FCC3A24008380FD /* ListApp */,
			);
		};
/* End PBXProject section */

/* Begin PBXResourcesBuildPhase section */
		6B19DD161FCC3A24008380FD /* Resources */ = {
			isa = PBXResourcesBuildPhase;
			buildActionMask = 2147483647;
			files = (
				6B19DD261FCC3A24008380FD /* LaunchScreen.storyboard in Resources */,
				6B19DD231FCC3A24008380FD /* Assets.xcassets in Resources */,
				6B19DD211FCC3A24008380FD /* Main.storyboard in Resources */,
			);
			runOnlyForDeploymentPostprocessing = 0;
		};
/* End PBXResourcesBuildPhase section */

/* Begin PBXSourcesBuildPhase section */
		6B19DD141FCC3A24008380FD /* Sources */ = {
			isa = PBXSourcesBuildPhase;
			buildActionMask = 2147483647;
			files = (
				6B19DD301FCC403C008380FD /* Contact.swift in Sources */,
				6B76E4681FCEF4AD006264FB /* CallsTableViewController.swift in Sources */,
				6B76E46A1FCEF50F006264FB /* CallViewCell.swift in Sources */,
				6B19DD1E1FCC3A24008380FD /* ViewController.swift in Sources */,
				6B19DD1C1FCC3A24008380FD /* AppDelegate.swift in Sources */,
				6B19DD2E1FCC3FCA008380FD /* ContactsTableViewController.swift in Sources */,
			);
			runOnlyForDeploymentPostprocessing = 0;
		};
/* End PBXSourcesBuildPhase section */

/* Begin PBXVariantGroup section */
		6B19DD1F1FCC3A24008380FD /* Main.storyboard */ = {
			isa = PBXVariantGroup;
			children = (
				6B19DD201FCC3A24008380FD /* Base */,
			);
			name = Main.storyboard;
			sourceTree = "<group>";
		};
		6B19DD241FCC3A24008380FD /* LaunchScreen.storyboard */ = {
			isa = PBXVariantGroup;
			children = (
				6B19DD251FCC3A24008380FD /* Base */,
			);
			name = LaunchScreen.storyboard;
			sourceTree = "<group>";
		};
/* End PBXVariantGroup section */

/* Begin XCBuildConfiguration section */
		6B19DD281FCC3A24008380FD /* Debug */ = {
			isa = XCBuildConfiguration;
			buildSettings = {
				ALWAYS_SEARCH_USER_PATHS = NO;
				CLANG_ANALYZER_NONNULL = YES;
				CLANG_ANALYZER_NUMBER_OBJECT_CONVERSION = YES_AGGRESSIVE;
				CLANG_CXX_LANGUAGE_STANDARD = "gnu++14";
				CLANG_CXX_LIBRARY = "libc++";
				CLANG_ENABLE_MODULES = YES;
				CLANG_ENABLE_OBJC_ARC = YES;
				CLANG_WARN_BLOCK_CAPTURE_AUTORELEASING = YES;
				CLANG_WARN_BOOL_CONVERSION = YES;
				CLANG_WARN_COMMA = YES;
				CLANG_WARN_CONSTANT_CONVERSION = YES;
				CLANG_WARN_DIRECT_OBJC_ISA_USAGE = YES_ERROR;
				CLANG_WARN_DOCUMENTATION_COMMENTS = YES;
				CLANG_WARN_EMPTY_BODY = YES;
				CLANG_WARN_ENUM_CONVERSION = YES;
				CLANG_WARN_INFINITE_RECURSION = YES;
				CLANG_WARN_INT_CONVERSION = YES;
				CLANG_WARN_NON_LITERAL_NULL_CONVERSION = YES;
				CLANG_WARN_OBJC_LITERAL_CONVERSION = YES;
				CLANG_WARN_OBJC_ROOT_CLASS = YES_ERROR;
				CLANG_WARN_RANGE_LOOP_ANALYSIS = YES;
				CLANG_WARN_STRICT_PROTOTYPES = YES;
				CLANG_WARN_SUSPICIOUS_MOVE = YES;
				CLANG_WARN_UNGUARDED_AVAILABILITY = YES_AGGRESSIVE;
				CLANG_WARN_UNREACHABLE_CODE = YES;
				CLANG_WARN__DUPLICATE_METHOD_MATCH = YES;
				CODE_SIGN_IDENTITY = "iPhone Developer";
				COPY_PHASE_STRIP = NO;
				DEBUG_INFORMATION_FORMAT = dwarf;
				ENABLE_STRICT_OBJC_MSGSEND = YES;
				ENABLE_TESTABILITY = YES;
				GCC_C_LANGUAGE_STANDARD = gnu11;
				GCC_DYNAMIC_NO_PIC = NO;
				GCC_NO_COMMON_BLOCKS = YES;
				GCC_OPTIMIZATION_LEVEL = 0;
				GCC_PREPROCESSOR_DEFINITIONS = (
					"DEBUG=1",
					"$(inherited)",
				);
				GCC_WARN_64_TO_32_BIT_CONVERSION = YES;
				GCC_WARN_ABOUT_RETURN_TYPE = YES_ERROR;
				GCC_WARN_UNDECLARED_SELECTOR = YES;
				GCC_WARN_UNINITIALIZED_AUTOS = YES_AGGRESSIVE;
				GCC_WARN_UNUSED_FUNCTION = YES;
				GCC_WARN_UNUSED_VARIABLE = YES;
				IPHONEOS_DEPLOYMENT_TARGET = 11.1;
				MTL_ENABLE_DEBUG_INFO = YES;
				ONLY_ACTIVE_ARCH = YES;
				SDKROOT = iphoneos;
				SWIFT_ACTIVE_COMPILATION_CONDITIONS = DEBUG;
				SWIFT_OPTIMIZATION_LEVEL = "-Onone";
			};
			name = Debug;
		};
		6B19DD291FCC3A24008380FD /* Release */ = {
			isa = XCBuildConfiguration;
			buildSettings = {
				ALWAYS_SEARCH_USER_PATHS = NO;
				CLANG_ANALYZER_NONNULL = YES;
				CLANG_ANALYZER_NUMBER_OBJECT_CONVERSION = YES_AGGRESSIVE;
				CLANG_CXX_LANGUAGE_STANDARD = "gnu++14";
				CLANG_CXX_LIBRARY = "libc++";
				CLANG_ENABLE_MODULES = YES;
				CLANG_ENABLE_OBJC_ARC = YES;
				CLANG_WARN_BLOCK_CAPTURE_AUTORELEASING = YES;
				CLANG_WARN_BOOL_CONVERSION = YES;
				CLANG_WARN_COMMA = YES;
				CLANG_WARN_CONSTANT_CONVERSION = YES;
				CLANG_WARN_DIRECT_OBJC_ISA_USAGE = YES_ERROR;
				CLANG_WARN_DOCUMENTATION_COMMENTS = YES;
				CLANG_WARN_EMPTY_BODY = YES;
				CLANG_WARN_ENUM_CONVERSION = YES;
				CLANG_WARN_INFINITE_RECURSION = YES;
				CLANG_WARN_INT_CONVERSION = YES;
				CLANG_WARN_NON_LITERAL_NULL_CONVERSION = YES;
				CLANG_WARN_OBJC_LITERAL_CONVERSION = YES;
				CLANG_WARN_OBJC_ROOT_CLASS = YES_ERROR;
				CLANG_WARN_RANGE_LOOP_ANALYSIS = YES;
				CLANG_WARN_STRICT_PROTOTYPES = YES;
				CLANG_WARN_SUSPICIOUS_MOVE = YES;
				CLANG_WARN_UNGUARDED_AVAILABILITY = YES_AGGRESSIVE;
				CLANG_WARN_UNREACHABLE_CODE = YES;
				CLANG_WARN__DUPLICATE_METHOD_MATCH = YES;
				CODE_SIGN_IDENTITY = "iPhone Developer";
				COPY_PHASE_STRIP = NO;
				DEBUG_INFORMATION_FORMAT = "dwarf-with-dsym";
				ENABLE_NS_ASSERTIONS = NO;
				ENABLE_STRICT_OBJC_MSGSEND = YES;
				GCC_C_LANGUAGE_STANDARD = gnu11;
				GCC_NO_COMMON_BLOCKS = YES;
				GCC_WARN_64_TO_32_BIT_CONVERSION = YES;
				GCC_WARN_ABOUT_RETURN_TYPE = YES_ERROR;
				GCC_WARN_UNDECLARED_SELECTOR = YES;
				GCC_WARN_UNINITIALIZED_AUTOS = YES_AGGRESSIVE;
				GCC_WARN_UNUSED_FUNCTION = YES;
				GCC_WARN_UNUSED_VARIABLE = YES;
				IPHONEOS_DEPLOYMENT_TARGET = 11.1;
				MTL_ENABLE_DEBUG_INFO = NO;
				SDKROOT = iphoneos;
				SWIFT_OPTIMIZATION_LEVEL = "-Owholemodule";
				VALIDATE_PRODUCT = YES;
			};
			name = Release;
		};
		6B19DD2B1FCC3A24008380FD /* Debug */ = {
			isa = XCBuildConfiguration;
			buildSettings = {
				ASSETCATALOG_COMPILER_APPICON_NAME = AppIcon;
				CODE_SIGN_STYLE = Automatic;
				DEVELOPMENT_TEAM = L44NJ2874J;
				INFOPLIST_FILE = ListApp/Info.plist;
				LD_RUNPATH_SEARCH_PATHS = "$(inherited) @executable_path/Frameworks";
				PRODUCT_BUNDLE_IDENTIFIER = com.olgamart.ListApp;
				PRODUCT_NAME = "$(TARGET_NAME)";
				SWIFT_VERSION = 4.0;
				TARGETED_DEVICE_FAMILY = "1,2";
			};
			name = Debug;
		};
		6B19DD2C1FCC3A24008380FD /* Release */ = {
			isa = XCBuildConfiguration;
			buildSettings = {
				ASSETCATALOG_COMPILER_APPICON_NAME = AppIcon;
				CODE_SIGN_STYLE = Automatic;
				DEVELOPMENT_TEAM = L44NJ2874J;
				INFOPLIST_FILE = ListApp/Info.plist;
				LD_RUNPATH_SEARCH_PATHS = "$(inherited) @executable_path/Frameworks";
				PRODUCT_BUNDLE_IDENTIFIER = com.olgamart.ListApp;
				PRODUCT_NAME = "$(TARGET_NAME)";
				SWIFT_VERSION = 4.0;
				TARGETED_DEVICE_FAMILY = "1,2";
			};
			name = Release;
		};
/* End XCBuildConfiguration section */

/* Begin XCConfigurationList section */
		6B19DD131FCC3A24008380FD /* Build configuration list for PBXProject "ListApp" */ = {
			isa = XCConfigurationList;
			buildConfigurations = (
				6B19DD281FCC3A24008380FD /* Debug */,
				6B19DD291FCC3A24008380FD /* Release */,
			);
			defaultConfigurationIsVisible = 0;
			defaultConfigurationName = Release;
		};
		6B19DD2A1FCC3A24008380FD /* Build configuration list for PBXNativeTarget "ListApp" */ = {
			isa = XCConfigurationList;
			buildConfigurations = (
				6B19DD2B1FCC3A24008380FD /* Debug */,
				6B19DD2C1FCC3A24008380FD /* Release */,
			);
			defaultConfigurationIsVisible = 0;
			defaultConfigurationName = Release;
		};
/* End XCConfigurationList section */
	};
	rootObject = 6B19DD101FCC3A24008380FD /* Project object */;
}
